
Microsoft Visual Studio Solution File, Format Version 12.00
# Visual Studio Version 17
VisualStudioVersion = 17.5.33516.290
MinimumVisualStudioVersion = 10.0.40219.1
Project("{FAE04EC0-301F-11D3-BF4B-00C04F79EFBC}") = "AppService", "AppService\AppService.csproj", "{591CC1A2-51A6-4676-A18D-523B5E497F67}"
EndProject
Global
	GlobalSection(SolutionConfigurationPlatforms) = preSolution
		Debug|Any CPU = Debug|Any CPU
		Release|Any CPU = Release|Any CPU
	EndGlobalSection
	GlobalSection(ProjectConfigurationPlatforms) = postSolution
		{591CC1A2-51A6-4676-A18D-523B5E497F67}.Debug|Any CPU.ActiveCfg = Debug|Any CPU
		{591CC1A2-51A6-4676-A18D-523B5E497F67}.Debug|Any CPU.Build.0 = Debug|Any CPU
		{591CC1A2-51A6-4676-A18D-523B5E497F67}.Release|Any CPU.ActiveCfg = Release|Any CPU
		{591CC1A2-51A6-4676-A18D-523B5E497F67}.Release|Any CPU.Build.0 = Release|Any CPU
	EndGlobalSection
	GlobalSection(SolutionProperties) = preSolution
		HideSolutionNode = FALSE
	EndGlobalSection
	GlobalSection(ExtensibilityGlobals) = postSolution
		SolutionGuid = {5F55E8AC-2A3E-46DE-B8EF-1ADA93C05AC1}
	EndGlobalSection
EndGlobal
